// !$*UTF8*$!
{
	archiveVersion = 1;
	classes = {
	};
	objectVersion = 77;
	objects = {

/* Begin PBXBuildFile section */
		8983F7703074D78900962439 /* SoftphoneSwiftPackage-saas in Frameworks */ = {isa = PBXBuildFile; productRef = 8983F76F3074D78900962439 /* SoftphoneSwiftPackage-saas */; };
/* End PBXBuildFile section */

/* Begin PBXContainerItemProxy section */
		8983F7523074D71B00962439 /* PBXContainerItemProxy */ = {
			isa = PBXContainerItemProxy;
			containerPortal = 8983F73C3074D71A00962439 /* Project object */;
			proxyType = 1;
			remoteGlobalIDString = 8983F7433074D71A00962439;
			remoteInfo = VoIPApp;
		};
		8983F75C3074D71B00962439 /* PBXContainerItemProxy */ = {
			isa = PBXContainerItemProxy;
			containerPortal = 8983F73C3074D71A00962439 /* Project object */;
			proxyType = 1;
			remoteGlobalIDString = 8983F7433074D71A00962439;
			remoteInfo = VoIPApp;
		};
/* End PBXContainerItemProxy section */

/* Begin PBXFileReference section */
		8983F7443074D71A00962439 /* VoIPApp.app */ = {isa = PBXFileReference; explicitFileType = wrapper.application; includeInIndex = 0; path = VoIPApp.app; sourceTree = BUILT_PRODUCTS_DIR; };
		8983F7513074D71B00962439 /* VoIPAppTests.xctest */ = {isa = PBXFileReference; explicitFileType = wrapper.cfbundle; includeInIndex = 0; path = VoIPAppTests.xctest; sourceTree = BUILT_PRODUCTS_DIR; };
		8983F75B3074D71B00962439 /* VoIPAppUITests.xctest */ = {isa = PBXFileReference; explicitFileType = wrapper.cfbundle; includeInIndex = 0; path = VoIPAppUITests.xctest; sourceTree = BUILT_PRODUCTS_DIR; };
/* End PBXFileReference section */

/* Begin PBXFileSystemSynchronizedBuildFileExceptionSet section */
		8983F7723074D7B700962439 /* Exceptions for "VoIPApp" folder in "VoIPApp" target */ = {
			isa = PBXFileSystemSynchronizedBuildFileExceptionSet;
			membershipExceptions = (
				Info.plist,
			);
			target = 8983F7433074D71A00962439 /* VoIPApp */;
		};
/* End PBXFileSystemSynchronizedBuildFileExceptionSet section */

/* Begin PBXFileSystemSynchronizedRootGroup section */
		8983F7463074D71A00962439 /* VoIPApp */ = {
			isa = PBXFileSystemSynchronizedRootGroup;
			exceptions = (
				8983F7723074D7B700962439 /* Exceptions for "VoIPApp" folder in "VoIPApp" target */,
			);
			path = VoIPApp;
			sourceTree = "<group>";
		};
		8983F7543074D71B00962439 /* VoIPAppTests */ = {
			isa = PBXFileSystemSynchronizedRootGroup;
			path = VoIPAppTests;
			sourceTree = "<group>";
		};
		8983F75E3074D71B00962439 /* VoIPAppUITests */ = {
			isa = PBXFileSystemSynchronizedRootGroup;
			path = VoIPAppUITests;
			sourceTree = "<group>";
		};
/* End PBXFileSystemSynchronizedRootGroup section */

/* Begin PBXFrameworksBuildPhase section */
		8983F7413074D71A00962439 /* Frameworks */ = {
			isa = PBXFrameworksBuildPhase;
			buildActionMask = 2147483647;
			files = (
				8983F7703074D78900962439 /* SoftphoneSwiftPackage-saas in Frameworks */,
			);
			runOnlyForDeploymentPostprocessing = 0;
		};
		8983F74E3074D71B00962439 /* Frameworks */ = {
			isa = PBXFrameworksBuildPhase;
			buildActionMask = 2147483647;
			files = (
			);
			runOnlyForDeploymentPostprocessing = 0;
		};
		8983F7583074D71B00962439 /* Frameworks */ = {
			isa = PBXFrameworksBuildPhase;
			buildActionMask = 2147483647;
			files = (
			);
			runOnlyForDeploymentPostprocessing = 0;
		};
/* End PBXFrameworksBuildPhase section */

/* Begin PBXGroup section */
		8983F73B3074D71A00962439 = {
			isa = PBXGroup;
			children = (
				8983F7463074D71A00962439 /* VoIPApp */,
				8983F7543074D71B00962439 /* VoIPAppTests */,
				8983F75E3074D71B00962439 /* VoIPAppUITests */,
				8983F7453074D71A00962439 /* Products */,
			);
			sourceTree = "<group>";
		};
		8983F7453074D71A00962439 /* Products */ = {
			isa = PBXGroup;
			children = (
				8983F7443074D71A00962439 /* VoIPApp.app */,
				8983F7513074D71B00962439 /* VoIPAppTests.xctest */,
				8983F75B3074D71B00962439 /* VoIPAppUITests.xctest */,
			);
			name = Products;
			sourceTree = "<group>";
		};
/* End PBXGroup section */

/* Begin PBXNativeTarget section */
		8983F7433074D71A00962439 /* VoIPApp */ = {
			isa = PBXNativeTarget;
			buildConfigurationList = 8983F7653074D71B00962439 /* Build configuration list for PBXNativeTarget "VoIPApp" */;
			buildPhases = (
				8983F7403074D71A00962439 /* Sources */,
				8983F7413074D71A00962439 /* Frameworks */,
				8983F7423074D71A00962439 /* Resources */,
			);
			buildRules = (
			);
			dependencies = (
			);
			fileSystemSynchronizedGroups = (
				8983F7463074D71A00962439 /* VoIPApp */,
			);
			name = VoIPApp;
			packageProductDependencies = (
				8983F76F3074D78900962439 /* SoftphoneSwiftPackage-saas */,
			);
			productName = VoIPApp;
			productReference = 8983F7443074D71A00962439 /* VoIPApp.app */;
			productType = "com.apple.product-type.application";
		};
		8983F7503074D71B00962439 /* VoIPAppTests */ = {
			isa = PBXNativeTarget;
			buildConfigurationList = 8983F7683074D71B00962439 /* Build configuration list for PBXNativeTarget "VoIPAppTests" */;
			buildPhases = (
				8983F74D3074D71B00962439 /* Sources */,
				8983F74E3074D71B00962439 /* Frameworks */,
				8983F74F3074D71B00962439 /* Resources */,
			);
			buildRules = (
			);
			dependencies = (
				8983F7533074D71B00962439 /* PBXTargetDependency */,
			);
			fileSystemSynchronizedGroups = (
				8983F7543074D71B00962439 /* VoIPAppTests */,
			);
			name = VoIPAppTests;
			packageProductDependencies = (
			);
			productName = VoIPAppTests;
			productReference = 8983F7513074D71B00962439 /* VoIPAppTests.xctest */;
			productType = "com.apple.product-type.bundle.unit-test";
		};
		8983F75A3074D71B00962439 /* VoIPAppUITests */ = {
			isa = PBXNativeTarget;
			buildConfigurationList = 8983F76B3074D71B00962439 /* Build configuration list for PBXNativeTarget "VoIPAppUITests" */;
			buildPhases = (
				8983F7573074D71B00962439 /* Sources */,
				8983F7583074D71B00962439 /* Frameworks */,
				8983F7593074D71B00962439 /* Resources */,
			);
			buildRules = (
			);
			dependencies = (
				8983F75D3074D71B00962439 /* PBXTargetDependency */,
			);
			fileSystemSynchronizedGroups = (
				8983F75E3074D71B00962439 /* VoIPAppUITests */,
			);
			name = VoIPAppUITests;
			packageProductDependencies = (
			);
			productName = VoIPAppUITests;
			productReference = 8983F75B3074D71B00962439 /* VoIPAppUITests.xctest */;
			productType = "com.apple.product-type.bundle.ui-testing";
		};
/* End PBXNativeTarget section */

/* Begin PBXProject section */
		8983F73C3074D71A00962439 /* Project object */ = {
			isa = PBXProject;
			attributes = {
				BuildIndependentTargetsInParallel = 1;
				LastSwiftUpdateCheck = 2660;
				LastUpgradeCheck = 2660;
				TargetAttributes = {
					8983F7433074D71A00962439 = {
						CreatedOnToolsVersion = 26.6;
					};
					8983F7503074D71B00962439 = {
						CreatedOnToolsVersion = 26.6;
						TestTargetID = 8983F7433074D71A00962439;
					};
					8983F75A3074D71B00962439 = {
						CreatedOnToolsVersion = 26.6;
						TestTargetID = 8983F7433074D71A00962439;
					};
				};
			};
			buildConfigurationList = 8983F73F3074D71A00962439 /* Build configuration list for PBXProject "VoIPApp" */;
			developmentRegion = en;
			hasScannedForEncodings = 0;
			knownRegions = (
				en,
				Base,
			);
			mainGroup = 8983F73B3074D71A00962439;
			minimizedProjectReferenceProxies = 1;
			packageReferences = (
				8983F76E3074D78900962439 /* XCRemoteSwiftPackageReference "SoftphoneSwiftPackage-saas" */,
			);
			preferredProjectObjectVersion = 77;
			productRefGroup = 8983F7453074D71A00962439 /* Products */;
			projectDirPath = "";
			projectRoot = "";
			targets = (
				8983F7433074D71A00962439 /* VoIPApp */,
				8983F7503074D71B00962439 /* VoIPAppTests */,
				8983F75A3074D71B00962439 /* VoIPAppUITests */,
			);
		};
/* End PBXProject section */

/* Begin PBXResourcesBuildPhase section */
		8983F7423074D71A00962439 /* Resources */ = {
			isa = PBXResourcesBuildPhase;
			buildActionMask = 2147483647;
			files = (
			);
			runOnlyForDeploymentPostprocessing = 0;
		};
		8983F74F3074D71B00962439 /* Resources */ = {
			isa = PBXResourcesBuildPhase;
			buildActionMask = 2147483647;
			files = (
			);
			runOnlyForDeploymentPostprocessing = 0;
		};
		8983F7593074D71B00962439 /* Resources */ = {
			isa = PBXResourcesBuildPhase;
			buildActionMask = 2147483647;
			files = (
			);
			runOnlyForDeploymentPostprocessing = 0;
		};
/* End PBXResourcesBuildPhase section */

/* Begin PBXSourcesBuildPhase section */
		8983F7403074D71A00962439 /* Sources */ = {
			isa = PBXSourcesBuildPhase;
			buildActionMask = 2147483647;
			files = (
			);
			runOnlyForDeploymentPostprocessing = 0;
		};
		8983F74D3074D71B00962439 /* Sources */ = {
			isa = PBXSourcesBuildPhase;
			buildActionMask = 2147483647;
			files = (
			);
			runOnlyForDeploymentPostprocessing = 0;
		};
		8983F7573074D71B00962439 /* Sources */ = {
			isa = PBXSourcesBuildPhase;
			buildActionMask = 2147483647;
			files = (
			);
			runOnlyForDeploymentPostprocessing = 0;
		};
/* End PBXSourcesBuildPhase section */

/* Begin PBXTargetDependency section */
		8983F7533074D71B00962439 /* PBXTargetDependency */ = {
			isa = PBXTargetDependency;
			target = 8983F7433074D71A00962439 /* VoIPApp */;
			targetProxy = 8983F7523074D71B00962439 /* PBXContainerItemProxy */;
		};
		8983F75D3074D71B00962439 /* PBXTargetDependency */ = {
			isa = PBXTargetDependency;
			target = 8983F7433074D71A00962439 /* VoIPApp */;
			targetProxy = 8983F75C3074D71B00962439 /* PBXContainerItemProxy */;
		};
/* End PBXTargetDependency section */

/* Begin XCBuildConfiguration section */
		8983F7633074D71B00962439 /* Debug */ = {
			isa = XCBuildConfiguration;
			buildSettings = {
				ALWAYS_SEARCH_USER_PATHS = NO;
				ASSETCATALOG_COMPILER_GENERATE_SWIFT_ASSET_SYMBOL_EXTENSIONS = YES;
				CLANG_ANALYZER_NONNULL = YES;
				CLANG_ANALYZER_NUMBER_OBJECT_CONVERSION = YES_AGGRESSIVE;
				CLANG_CXX_LANGUAGE_STANDARD = "gnu++20";
				CLANG_ENABLE_MODULES = YES;
				CLANG_ENABLE_OBJC_ARC = YES;
				CLANG_ENABLE_OBJC_WEAK = YES;
				CLANG_WARN_BLOCK_CAPTURE_AUTORELEASING = YES;
				CLANG_WARN_BOOL_CONVERSION = YES;
				CLANG_WARN_COMMA = YES;
				CLANG_WARN_CONSTANT_CONVERSION = YES;
				CLANG_WARN_DEPRECATED_OBJC_IMPLEMENTATIONS = YES;
				CLANG_WARN_DIRECT_OBJC_ISA_USAGE = YES_ERROR;
				CLANG_WARN_DOCUMENTATION_COMMENTS = YES;
				CLANG_WARN_EMPTY_BODY = YES;
				CLANG_WARN_ENUM_CONVERSION = YES;
				CLANG_WARN_INFINITE_RECURSION = YES;
				CLANG_WARN_INT_CONVERSION = YES;
				CLANG_WARN_NON_LITERAL_NULL_CONVERSION = YES;
				CLANG_WARN_OBJC_IMPLICIT_RETAIN_SELF = YES;
				CLANG_WARN_OBJC_LITERAL_CONVERSION = YES;
				CLANG_WARN_OBJC_ROOT_CLASS = YES_ERROR;
				CLANG_WARN_QUOTED_INCLUDE_IN_FRAMEWORK_HEADER = YES;
				CLANG_WARN_RANGE_LOOP_ANALYSIS = YES;
				CLANG_WARN_STRICT_PROTOTYPES = YES;
				CLANG_WARN_SUSPICIOUS_MOVE = YES;
				CLANG_WARN_UNGUARDED_AVAILABILITY = YES_AGGRESSIVE;
				CLANG_WARN_UNREACHABLE_CODE = YES;
				CLANG_WARN__DUPLICATE_METHOD_MATCH = YES;
				COPY_PHASE_STRIP = NO;
				DEBUG_INFORMATION_FORMAT = dwarf;
				DEVELOPMENT_TEAM = Z55FCQ7Z94;
				ENABLE_STRICT_OBJC_MSGSEND = YES;
				ENABLE_TESTABILITY = YES;
				ENABLE_USER_SCRIPT_SANDBOXING = YES;
				GCC_C_LANGUAGE_STANDARD = gnu17;
				GCC_DYNAMIC_NO_PIC = NO;
				GCC_NO_COMMON_BLOCKS = YES;
				GCC_OPTIMIZATION_LEVEL = 0;
				GCC_PREPROCESSOR_DEFINITIONS = (
					"DEBUG=1",
					"$(inherited)",
				);
				GCC_WARN_64_TO_32_BIT_CONVERSION = YES;
				GCC_WARN_ABOUT_RETURN_TYPE = YES_ERROR;
				GCC_WARN_UNDECLARED_SELECTOR = YES;
				GCC_WARN_UNINITIALIZED_AUTOS = YES_AGGRESSIVE;
				GCC_WARN_UNUSED_FUNCTION = YES;
				GCC_WARN_UNUSED_VARIABLE = YES;
				IPHONEOS_DEPLOYMENT_TARGET = 26.5;
				LOCALIZATION_PREFERS_STRING_CATALOGS = YES;
				MTL_ENABLE_DEBUG_INFO = INCLUDE_SOURCE;
				MTL_FAST_MATH = YES;
				ONLY_ACTIVE_ARCH = YES;
				SDKROOT = iphoneos;
				SWIFT_ACTIVE_COMPILATION_CONDITIONS = "DEBUG $(inherited)";
				SWIFT_OPTIMIZATION_LEVEL = "-Onone";
			};
			name = Debug;
		};
		8983F7643074D71B00962439 /* Release */ = {
			isa = XCBuildConfiguration;
			buildSettings = {
				ALWAYS_SEARCH_USER_PATHS = NO;
				ASSETCATALOG_COMPILER_GENERATE_SWIFT_ASSET_SYMBOL_EXTENSIONS = YES;
				CLANG_ANALYZER_NONNULL = YES;
				CLANG_ANALYZER_NUMBER_OBJECT_CONVERSION = YES_AGGRESSIVE;
				CLANG_CXX_LANGUAGE_STANDARD = "gnu++20";
				CLANG_ENABLE_MODULES = YES;
				CLANG_ENABLE_OBJC_ARC = YES;
				CLANG_ENABLE_OBJC_WEAK = YES;
				CLANG_WARN_BLOCK_CAPTURE_AUTORELEASING = YES;
				CLANG_WARN_BOOL_CONVERSION = YES;
				CLANG_WARN_COMMA = YES;
				CLANG_WARN_CONSTANT_CONVERSION = YES;
				CLANG_WARN_DEPRECATED_OBJC_IMPLEMENTATIONS = YES;
				CLANG_WARN_DIRECT_OBJC_ISA_USAGE = YES_ERROR;
				CLANG_WARN_DOCUMENTATION_COMMENTS = YES;
				CLANG_WARN_EMPTY_BODY = YES;
				CLANG_WARN_ENUM_CONVERSION = YES;
				CLANG_WARN_INFINITE_RECURSION = YES;
				CLANG_WARN_INT_CONVERSION = YES;
				CLANG_WARN_NON_LITERAL_NULL_CONVERSION = YES;
				CLANG_WARN_OBJC_IMPLICIT_RETAIN_SELF = YES;
				CLANG_WARN_OBJC_LITERAL_CONVERSION = YES;
				CLANG_WARN_OBJC_ROOT_CLASS = YES_ERROR;
				CLANG_WARN_QUOTED_INCLUDE_IN_FRAMEWORK_HEADER = YES;
				CLANG_WARN_RANGE_LOOP_ANALYSIS = YES;
				CLANG_WARN_STRICT_PROTOTYPES = YES;
				CLANG_WARN_SUSPICIOUS_MOVE = YES;
				CLANG_WARN_UNGUARDED_AVAILABILITY = YES_AGGRESSIVE;
				CLANG_WARN_UNREACHABLE_CODE = YES;
				CLANG_WARN__DUPLICATE_METHOD_MATCH = YES;
				COPY_PHASE_STRIP = NO;
				DEBUG_INFORMATION_FORMAT = "dwarf-with-dsym";
				DEVELOPMENT_TEAM = Z55FCQ7Z94;
				ENABLE_NS_ASSERTIONS = NO;
				ENABLE_STRICT_OBJC_MSGSEND = YES;
				ENABLE_USER_SCRIPT_SANDBOXING = YES;
				GCC_C_LANGUAGE_STANDARD = gnu17;
				GCC_NO_COMMON_BLOCKS = YES;
				GCC_WARN_64_TO_32_BIT_CONVERSION = YES;
				GCC_WARN_ABOUT_RETURN_TYPE = YES_ERROR;
				GCC_WARN_UNDECLARED_SELECTOR = YES;
				GCC_WARN_UNINITIALIZED_AUTOS = YES_AGGRESSIVE;
				GCC_WARN_UNUSED_FUNCTION = YES;
				GCC_WARN_UNUSED_VARIABLE = YES;
				IPHONEOS_DEPLOYMENT_TARGET = 26.5;
				LOCALIZATION_PREFERS_STRING_CATALOGS = YES;
				MTL_ENABLE_DEBUG_INFO = NO;
				MTL_FAST_MATH = YES;
				SDKROOT = iphoneos;
				SWIFT_COMPILATION_MODE = wholemodule;
				VALIDATE_PRODUCT = YES;
			};
			name = Release;
		};
		8983F7663074D71B00962439 /* Debug */ = {
			isa = XCBuildConfiguration;
			buildSettings = {
				ASSETCATALOG_COMPILER_APPICON_NAME = AppIcon;
				ASSETCATALOG_COMPILER_GLOBAL_ACCENT_COLOR_NAME = AccentColor;
				CODE_SIGN_STYLE = Automatic;
				CURRENT_PROJECT_VERSION = 1;
				DEVELOPMENT_TEAM = Z55FCQ7Z94;
				ENABLE_PREVIEWS = YES;
				GENERATE_INFOPLIST_FILE = YES;
				INFOPLIST_FILE = VoIPApp/Info.plist;
				INFOPLIST_KEY_UIApplicationSceneManifest_Generation = YES;
				INFOPLIST_KEY_UIApplicationSupportsIndirectInputEvents = YES;
				INFOPLIST_KEY_UILaunchScreen_Generation = YES;
				INFOPLIST_KEY_UISupportedInterfaceOrientations_iPad = "UIInterfaceOrientationPortrait UIInterfaceOrientationPortraitUpsideDown UIInterfaceOrientationLandscapeLeft UIInterfaceOrientationLandscapeRight";
				INFOPLIST_KEY_UISupportedInterfaceOrientations_iPhone = "UIInterfaceOrientationPortrait UIInterfaceOrientationLandscapeLeft UIInterfaceOrientationLandscapeRight";
				LD_RUNPATH_SEARCH_PATHS = (
					"$(inherited)",
					"@executable_path/Frameworks",
				);
				MARKETING_VERSION = 1.0;
				PRODUCT_BUNDLE_IDENTIFIER = net.acrobits.interview.test.ios;
				PRODUCT_NAME = "$(TARGET_NAME)";
				STRING_CATALOG_GENERATE_SYMBOLS = YES;
				SWIFT_APPROACHABLE_CONCURRENCY = YES;
				SWIFT_DEFAULT_ACTOR_ISOLATION = MainActor;
				SWIFT_EMIT_LOC_STRINGS = YES;
				SWIFT_UPCOMING_FEATURE_MEMBER_IMPORT_VISIBILITY = YES;
				SWIFT_VERSION = 5.0;
				TARGETED_DEVICE_FAMILY = "1,2";
			};
			name = Debug;
		};
		8983F7673074D71B00962439 /* Release */ = {
			isa = XCBuildConfiguration;
			buildSettings = {
				ASSETCATALOG_COMPILER_APPICON_NAME = AppIcon;
				ASSETCATALOG_COMPILER_GLOBAL_ACCENT_COLOR_NAME = AccentColor;
				CODE_SIGN_STYLE = Automatic;
				CURRENT_PROJECT_VERSION = 1;
				DEVELOPMENT_TEAM = Z55FCQ7Z94;
				ENABLE_PREVIEWS = YES;
				GENERATE_INFOPLIST_FILE = YES;
				INFOPLIST_FILE = VoIPApp/Info.plist;
				INFOPLIST_KEY_UIApplicationSceneManifest_Generation = YES;
				INFOPLIST_KEY_UIApplicationSupportsIndirectInputEvents = YES;
				INFOPLIST_KEY_UILaunchScreen_Generation = YES;
				INFOPLIST_KEY_UISupportedInterfaceOrientations_iPad = "UIInterfaceOrientationPortrait UIInterfaceOrientationPortraitUpsideDown UIInterfaceOrientationLandscapeLeft UIInterfaceOrientationLandscapeRight";
				INFOPLIST_KEY_UISupportedInterfaceOrientations_iPhone = "UIInterfaceOrientationPortrait UIInterfaceOrientationLandscapeLeft UIInterfaceOrientationLandscapeRight";
				LD_RUNPATH_SEARCH_PATHS = (
					"$(inherited)",
					"@executable_path/Frameworks",
				);
				MARKETING_VERSION = 1.0;
				PRODUCT_BUNDLE_IDENTIFIER = net.acrobits.interview.test.ios;
				PRODUCT_NAME = "$(TARGET_NAME)";
				STRING_CATALOG_GENERATE_SYMBOLS = YES;
				SWIFT_APPROACHABLE_CONCURRENCY = YES;
				SWIFT_DEFAULT_ACTOR_ISOLATION = MainActor;
				SWIFT_EMIT_LOC_STRINGS = YES;
				SWIFT_UPCOMING_FEATURE_MEMBER_IMPORT_VISIBILITY = YES;
				SWIFT_VERSION = 5.0;
				TARGETED_DEVICE_FAMILY = "1,2";
			};
			name = Release;
		};
		8983F7693074D71B00962439 /* Debug */ = {
			isa = XCBuildConfiguration;
			buildSettings = {
				BUNDLE_LOADER = "$(TEST_HOST)";
				CODE_SIGN_STYLE = Automatic;
				CURRENT_PROJECT_VERSION = 1;
				DEVELOPMENT_TEAM = Z55FCQ7Z94;
				GENERATE_INFOPLIST_FILE = YES;
				IPHONEOS_DEPLOYMENT_TARGET = 26.5;
				MARKETING_VERSION = 1.0;
				PRODUCT_BUNDLE_IDENTIFIER = com.vojtko.VoIPAppTests;
				PRODUCT_NAME = "$(TARGET_NAME)";
				STRING_CATALOG_GENERATE_SYMBOLS = NO;
				SWIFT_APPROACHABLE_CONCURRENCY = YES;
				SWIFT_EMIT_LOC_STRINGS = NO;
				SWIFT_UPCOMING_FEATURE_MEMBER_IMPORT_VISIBILITY = YES;
				SWIFT_VERSION = 5.0;
				TARGETED_DEVICE_FAMILY = "1,2";
				TEST_HOST = "$(BUILT_PRODUCTS_DIR)/VoIPApp.app/$(BUNDLE_EXECUTABLE_FOLDER_PATH)/VoIPApp";
			};
			name = Debug;
		};
		8983F76A3074D71B00962439 /* Release */ = {
			isa = XCBuildConfiguration;
			buildSettings = {
				BUNDLE_LOADER = "$(TEST_HOST)";
				CODE_SIGN_STYLE = Automatic;
				CURRENT_PROJECT_VERSION = 1;
				DEVELOPMENT_TEAM = Z55FCQ7Z94;
				GENERATE_INFOPLIST_FILE = YES;
				IPHONEOS_DEPLOYMENT_TARGET = 26.5;
				MARKETING_VERSION = 1.0;
				PRODUCT_BUNDLE_IDENTIFIER = com.vojtko.VoIPAppTests;
				PRODUCT_NAME = "$(TARGET_NAME)";
				STRING_CATALOG_GENERATE_SYMBOLS = NO;
				SWIFT_APPROACHABLE_CONCURRENCY = YES;
				SWIFT_EMIT_LOC_STRINGS = NO;
				SWIFT_UPCOMING_FEATURE_MEMBER_IMPORT_VISIBILITY = YES;
				SWIFT_VERSION = 5.0;
				TARGETED_DEVICE_FAMILY = "1,2";
				TEST_HOST = "$(BUILT_PRODUCTS_DIR)/VoIPApp.app/$(BUNDLE_EXECUTABLE_FOLDER_PATH)/VoIPApp";
			};
			name = Release;
		};
		8983F76C3074D71B00962439 /* Debug */ = {
			isa = XCBuildConfiguration;
			buildSettings = {
				CODE_SIGN_STYLE = Automatic;
				CURRENT_PROJECT_VERSION = 1;
				DEVELOPMENT_TEAM = Z55FCQ7Z94;
				GENERATE_INFOPLIST_FILE = YES;
				MARKETING_VERSION = 1.0;
				PRODUCT_BUNDLE_IDENTIFIER = com.vojtko.VoIPAppUITests;
				PRODUCT_NAME = "$(TARGET_NAME)";
				STRING_CATALOG_GENERATE_SYMBOLS = NO;
				SWIFT_APPROACHABLE_CONCURRENCY = YES;
				SWIFT_EMIT_LOC_STRINGS = NO;
				SWIFT_UPCOMING_FEATURE_MEMBER_IMPORT_VISIBILITY = YES;
				SWIFT_VERSION = 5.0;
				TARGETED_DEVICE_FAMILY = "1,2";
				TEST_TARGET_NAME = VoIPApp;
			};
			name = Debug;
		};
		8983F76D3074D71B00962439 /* Release */ = {
			isa = XCBuildConfiguration;
			buildSettings = {
				CODE_SIGN_STYLE = Automatic;
				CURRENT_PROJECT_VERSION = 1;
				DEVELOPMENT_TEAM = Z55FCQ7Z94;
				GENERATE_INFOPLIST_FILE = YES;
				MARKETING_VERSION = 1.0;
				PRODUCT_BUNDLE_IDENTIFIER = com.vojtko.VoIPAppUITests;
				PRODUCT_NAME = "$(TARGET_NAME)";
				STRING_CATALOG_GENERATE_SYMBOLS = NO;
				SWIFT_APPROACHABLE_CONCURRENCY = YES;
				SWIFT_EMIT_LOC_STRINGS = NO;
				SWIFT_UPCOMING_FEATURE_MEMBER_IMPORT_VISIBILITY = YES;
				SWIFT_VERSION = 5.0;
				TARGETED_DEVICE_FAMILY = "1,2";
				TEST_TARGET_NAME = VoIPApp;
			};
			name = Release;
		};
/* End XCBuildConfiguration section */

/* Begin XCConfigurationList section */
		8983F73F3074D71A00962439 /* Build configuration list for PBXProject "VoIPApp" */ = {
			isa = XCConfigurationList;
			buildConfigurations = (
				8983F7633074D71B00962439 /* Debug */,
				8983F7643074D71B00962439 /* Release */,
			);
			defaultConfigurationIsVisible = 0;
			defaultConfigurationName = Release;
		};
		8983F7653074D71B00962439 /* Build configuration list for PBXNativeTarget "VoIPApp" */ = {
			isa = XCConfigurationList;
			buildConfigurations = (
				8983F7663074D71B00962439 /* Debug */,
				8983F7673074D71B00962439 /* Release */,
			);
			defaultConfigurationIsVisible = 0;
			defaultConfigurationName = Release;
		};
		8983F7683074D71B00962439 /* Build configuration list for PBXNativeTarget "VoIPAppTests" */ = {
			isa = XCConfigurationList;
			buildConfigurations = (
				8983F7693074D71B00962439 /* Debug */,
				8983F76A3074D71B00962439 /* Release */,
			);
			defaultConfigurationIsVisible = 0;
			defaultConfigurationName = Release;
		};
		8983F76B3074D71B00962439 /* Build configuration list for PBXNativeTarget "VoIPAppUITests" */ = {
			isa = XCConfigurationList;
			buildConfigurations = (
				8983F76C3074D71B00962439 /* Debug */,
				8983F76D3074D71B00962439 /* Release */,
			);
			defaultConfigurationIsVisible = 0;
			defaultConfigurationName = Release;
		};
/* End XCConfigurationList section */

/* Begin XCRemoteSwiftPackageReference section */
		8983F76E3074D78900962439 /* XCRemoteSwiftPackageReference "SoftphoneSwiftPackage-saas" */ = {
			isa = XCRemoteSwiftPackageReference;
			repositoryURL = "https://github.com/acrobits/SoftphoneSwiftPackage-saas.git";
			requirement = {
				kind = upToNextMajorVersion;
				minimumVersion = 26.0.1;
			};
		};
/* End XCRemoteSwiftPackageReference section */

/* Begin XCSwiftPackageProductDependency section */
		8983F76F3074D78900962439 /* SoftphoneSwiftPackage-saas */ = {
			isa = XCSwiftPackageProductDependency;
			package = 8983F76E3074D78900962439 /* XCRemoteSwiftPackageReference "SoftphoneSwiftPackage-saas" */;
			productName = "SoftphoneSwiftPackage-saas";
		};
/* End XCSwiftPackageProductDependency section */
	};
	rootObject = 8983F73C3074D71A00962439 /* Project object */;
}
